// !$*UTF8*$!
{
	archiveVersion = 1;
	classes = {
	};
	objectVersion = 46;
	objects = {

/* Begin PBXBuildFile section */
		D68AD6E71AED1C6300C44D1D /* AppDelegate.swift in Sources */ = {isa = PBXBuildFile; fileRef = D68AD6E61AED1C6300C44D1D /* AppDelegate.swift */; };
		D68AD6E91AED1C6300C44D1D /* ViewController.swift in Sources */ = {isa = PBXBuildFile; fileRef = D68AD6E81AED1C6300C44D1D /* ViewController.swift */; };
		D68AD6EC1AED1C6400C44D1D /* Main.storyboard in Resources */ = {isa = PBXBuildFile; fileRef = D68AD6EA1AED1C6400C44D1D /* Main.storyboard */; };
		D68AD6EE1AED1C6400C44D1D /* Images.xcassets in Resources */ = {isa = PBXBuildFile; fileRef = D68AD6ED1AED1C6400C44D1D /* Images.xcassets */; };
		D68AD6F11AED1C6400C44D1D /* LaunchScreen.xib in Resources */ = {isa = PBXBuildFile; fileRef = D68AD6EF1AED1C6400C44D1D /* LaunchScreen.xib */; };
		D68AD6FD1AED1C6400C44D1D /* TipCalculatorTests.swift in Sources */ = {isa = PBXBuildFile; fileRef = D68AD6FC1AED1C6400C44D1D /* TipCalculatorTests.swift */; };
		D68AD7071AED1F8200C44D1D /* TipCalculatorModel.swift in Sources */ = {isa = PBXBuildFile; fileRef = D68AD7061AED1F8200C44D1D /* TipCalculatorModel.swift */; };
/* End PBXBuildFile section */

/* Begin PBXContainerItemProxy section */
		D68AD6F71AED1C6400C44D1D /* PBXContainerItemProxy */ = {
			isa = PBXContainerItemProxy;
			containerPortal = D68AD6D91AED1C6100C44D1D /* Project object */;
			proxyType = 1;
			remoteGlobalIDString = D68AD6E01AED1C6200C44D1D;
			remoteInfo = TipCalculator;
		};
/* End PBXContainerItemProxy section */

/* Begin PBXFileReference section */
		D68AD6E11AED1C6300C44D1D /* TipCalculator.app */ = {isa = PBXFileReference; explicitFileType = wrapper.application; includeInIndex = 0; path = TipCalculator.app; sourceTree = BUILT_PRODUCTS_DIR; };
		D68AD6E51AED1C6300C44D1D /* Info.plist */ = {isa = PBXFileReference; lastKnownFileType = text.plist.xml; path = Info.plist; sourceTree = "<group>"; };
		D68AD6E61AED1C6300C44D1D /* AppDelegate.swift */ = {isa = PBXFileReference; lastKnownFileType = sourcecode.swift; path = AppDelegate.swift; sourceTree = "<group>"; };
		D68AD6E81AED1C6300C44D1D /* ViewController.swift */ = {isa = PBXFileReference; lastKnownFileType = sourcecode.swift; path = ViewController.swift; sourceTree = "<group>"; };
		D68AD6EB1AED1C6400C44D1D /* Base */ = {isa = PBXFileReference; lastKnownFileType = file.storyboard; name = Base; path = Base.lproj/Main.storyboard; sourceTree = "<group>"; };
		D68AD6ED1AED1C6400C44D1D /* Images.xcassets */ = {isa = PBXFileReference; lastKnownFileType = folder.assetcatalog; path = Images.xcassets; sourceTree = "<group>"; };
		D68AD6F01AED1C6400C44D1D /* Base */ = {isa = PBXFileReference; lastKnownFileType = file.xib; name = Base; path = Base.lproj/LaunchScreen.xib; sourceTree = "<group>"; };
		D68AD6F61AED1C6400C44D1D /* TipCalculatorTests.xctest */ = {isa = PBXFileReference; explicitFileType = wrapper.cfbundle; includeInIndex = 0; path = TipCalculatorTests.xctest; sourceTree = BUILT_PRODUCTS_DIR; };
		D68AD6FB1AED1C6400C44D1D /* Info.plist */ = {isa = PBXFileReference; lastKnownFileType = text.plist.xml; path = Info.plist; sourceTree = "<group>"; };
		D68AD6FC1AED1C6400C44D1D /* TipCalculatorTests.swift */ = {isa = PBXFileReference; lastKnownFileType = sourcecode.swift; path = TipCalculatorTests.swift; sourceTree = "<group>"; };
		D68AD7061AED1F8200C44D1D /* TipCalculatorModel.swift */ = {isa = PBXFileReference; fileEncoding = 4; lastKnownFileType = sourcecode.swift; path = TipCalculatorModel.swift; sourceTree = SOURCE_ROOT; };
/* End PBXFileReference section */

/* Begin PBXFrameworksBuildPhase section */
		D68AD6DE1AED1C6200C44D1D /* Frameworks */ = {
			isa = PBXFrameworksBuildPhase;
			buildActionMask = 2147483647;
			files = (
			);
			runOnlyForDeploymentPostprocessing = 0;
		};
		D68AD6F31AED1C6400C44D1D /* Frameworks */ = {
			isa = PBXFrameworksBuildPhase;
			buildActionMask = 2147483647;
			files = (
			);
			runOnlyForDeploymentPostprocessing = 0;
		};
/* End PBXFrameworksBuildPhase section */

/* Begin PBXGroup section */
		D68AD6D81AED1C6100C44D1D = {
			isa = PBXGroup;
			children = (
				D68AD6E31AED1C6300C44D1D /* TipCalculator */,
				D68AD6F91AED1C6400C44D1D /* TipCalculatorTests */,
				D68AD6E21AED1C6300C44D1D /* Products */,
			);
			sourceTree = "<group>";
		};
		D68AD6E21AED1C6300C44D1D /* Products */ = {
			isa = PBXGroup;
			children = (
				D68AD6E11AED1C6300C44D1D /* TipCalculator.app */,
				D68AD6F61AED1C6400C44D1D /* TipCalculatorTests.xctest */,
			);
			name = Products;
			sourceTree = "<group>";
		};
		D68AD6E31AED1C6300C44D1D /* TipCalculator */ = {
			isa = PBXGroup;
			children = (
				D68AD6E61AED1C6300C44D1D /* AppDelegate.swift */,
				D68AD6E81AED1C6300C44D1D /* ViewController.swift */,
				D68AD6EA1AED1C6400C44D1D /* Main.storyboard */,
				D68AD6ED1AED1C6400C44D1D /* Images.xcassets */,
				D68AD6EF1AED1C6400C44D1D /* LaunchScreen.xib */,
				D68AD6E41AED1C6300C44D1D /* Supporting Files */,
				D68AD7061AED1F8200C44D1D /* TipCalculatorModel.swift */,
			);
			path = TipCalculator;
			sourceTree = "<group>";
		};
		D68AD6E41AED1C6300C44D1D /* Supporting Files */ = {
			isa = PBXGroup;
			children = (
				D68AD6E51AED1C6300C44D1D /* Info.plist */,
			);
			name = "Supporting Files";
			sourceTree = "<group>";
		};
		D68AD6F91AED1C6400C44D1D /* TipCalculatorTests */ = {
			isa = PBXGroup;
			children = (
				D68AD6FC1AED1C6400C44D1D /* TipCalculatorTests.swift */,
				D68AD6FA1AED1C6400C44D1D /* Supporting Files */,
			);
			path = TipCalculatorTests;
			sourceTree = "<group>";
		};
		D68AD6FA1AED1C6400C44D1D /* Supporting Files */ = {
			isa = PBXGroup;
			children = (
				D68AD6FB1AED1C6400C44D1D /* Info.plist */,
			);
			name = "Supporting Files";
			sourceTree = "<group>";
		};
/* End PBXGroup section */

/* Begin PBXNativeTarget section */
		D68AD6E01AED1C6200C44D1D /* TipCalculator */ = {
			isa = PBXNativeTarget;
			buildConfigurationList = D68AD7001AED1C6500C44D1D /* Build configuration list for PBXNativeTarget "TipCalculator" */;
			buildPhases = (
				D68AD6DD1AED1C6200C44D1D /* Sources */,
				D68AD6DE1AED1C6200C44D1D /* Frameworks */,
				D68AD6DF1AED1C6200C44D1D /* Resources */,
			);
			buildRules = (
			);
			dependencies = (
			);
			name = TipCalculator;
			productName = TipCalculator;
			productReference = D68AD6E11AED1C6300C44D1D /* TipCalculator.app */;
			productType = "com.apple.product-type.application";
		};
		D68AD6F51AED1C6400C44D1D /* TipCalculatorTests */ = {
			isa = PBXNativeTarget;
			buildConfigurationList = D68AD7031AED1C6500C44D1D /* Build configuration list for PBXNativeTarget "TipCalculatorTests" */;
			buildPhases = (
				D68AD6F21AED1C6400C44D1D /* Sources */,
				D68AD6F31AED1C6400C44D1D /* Frameworks */,
				D68AD6F41AED1C6400C44D1D /* Resources */,
			);
			buildRules = (
			);
			dependencies = (
				D68AD6F81AED1C6400C44D1D /* PBXTargetDependency */,
			);
			name = TipCalculatorTests;
			productName = TipCalculatorTests;
			productReference = D68AD6F61AED1C6400C44D1D /* TipCalculatorTests.xctest */;
			productType = "com.apple.product-type.bundle.unit-test";
		};
/* End PBXNativeTarget section */

/* Begin PBXProject section */
		D68AD6D91AED1C6100C44D1D /* Project object */ = {
			isa = PBXProject;
			attributes = {
				LastUpgradeCheck = 0630;
				ORGANIZATIONNAME = lsyiverson;
				TargetAttributes = {
					D68AD6E01AED1C6200C44D1D = {
						CreatedOnToolsVersion = 6.3.1;
					};
					D68AD6F51AED1C6400C44D1D = {
						CreatedOnToolsVersion = 6.3.1;
						TestTargetID = D68AD6E01AED1C6200C44D1D;
					};
				};
			};
			buildConfigurationList = D68AD6DC1AED1C6200C44D1D /* Build configuration list for PBXProject "TipCalculator" */;
			compatibilityVersion = "Xcode 3.2";
			developmentRegion = English;
			hasScannedForEncodings = 0;
			knownRegions = (
				en,
				Base,
			);
			mainGroup = D68AD6D81AED1C6100C44D1D;
			productRefGroup = D68AD6E21AED1C6300C44D1D /* Products */;
			projectDirPath = "";
			projectRoot = "";
			targets = (
				D68AD6E01AED1C6200C44D1D /* TipCalculator */,
				D68AD6F51AED1C6400C44D1D /* TipCalculatorTests */,
			);
		};
/* End PBXProject section */

/* Begin PBXResourcesBuildPhase section */
		D68AD6DF1AED1C6200C44D1D /* Resources */ = {
			isa = PBXResourcesBuildPhase;
			buildActionMask = 2147483647;
			files = (
				D68AD6EC1AED1C6400C44D1D /* Main.storyboard in Resources */,
				D68AD6F11AED1C6400C44D1D /* LaunchScreen.xib in Resources */,
				D68AD6EE1AED1C6400C44D1D /* Images.xcassets in Resources */,
			);
			runOnlyForDeploymentPostprocessing = 0;
		};
		D68AD6F41AED1C6400C44D1D /* Resources */ = {
			isa = PBXResourcesBuildPhase;
			buildActionMask = 2147483647;
			files = (
			);
			runOnlyForDeploymentPostprocessing = 0;
		};
/* End PBXResourcesBuildPhase section */

/* Begin PBXSourcesBuildPhase section */
		D68AD6DD1AED1C6200C44D1D /* Sources */ = {
			isa = PBXSourcesBuildPhase;
			buildActionMask = 2147483647;
			files = (
				D68AD7071AED1F8200C44D1D /* TipCalculatorModel.swift in Sources */,
				D68AD6E91AED1C6300C44D1D /* ViewController.swift in Sources */,
				D68AD6E71AED1C6300C44D1D /* AppDelegate.swift in Sources */,
			);
			runOnlyForDeploymentPostprocessing = 0;
		};
		D68AD6F21AED1C6400C44D1D /* Sources */ = {
			isa = PBXSourcesBuildPhase;
			buildActionMask = 2147483647;
			files = (
				D68AD6FD1AED1C6400C44D1D /* TipCalculatorTests.swift in Sources */,
			);
			runOnlyForDeploymentPostprocessing = 0;
		};
/* End PBXSourcesBuildPhase section */

/* Begin PBXTargetDependency section */
		D68AD6F81AED1C6400C44D1D /* PBXTargetDependency */ = {
			isa = PBXTargetDependency;
			target = D68AD6E01AED1C6200C44D1D /* TipCalculator */;
			targetProxy = D68AD6F71AED1C6400C44D1D /* PBXContainerItemProxy */;
		};
/* End PBXTargetDependency section */

/* Begin PBXVariantGroup section */
		D68AD6EA1AED1C6400C44D1D /* Main.storyboard */ = {
			isa = PBXVariantGroup;
			children = (
				D68AD6EB1AED1C6400C44D1D /* Base */,
			);
			name = Main.storyboard;
			sourceTree = "<group>";
		};
		D68AD6EF1AED1C6400C44D1D /* LaunchScreen.xib */ = {
			isa = PBXVariantGroup;
			children = (
				D68AD6F01AED1C6400C44D1D /* Base */,
			);
			name = LaunchScreen.xib;
			sourceTree = "<group>";
		};
/* End PBXVariantGroup section */

/* Begin XCBuildConfiguration section */
		D68AD6FE1AED1C6500C44D1D /* Debug */ = {
			isa = XCBuildConfiguration;
			buildSettings = {
				ALWAYS_SEARCH_USER_PATHS = NO;
				CLANG_CXX_LANGUAGE_STANDARD = "gnu++0x";
				CLANG_CXX_LIBRARY = "libc++";
				CLANG_ENABLE_MODULES = YES;
				CLANG_ENABLE_OBJC_ARC = YES;
				CLANG_WARN_BOOL_CONVERSION = YES;
				CLANG_WARN_CONSTANT_CONVERSION = YES;
				CLANG_WARN_DIRECT_OBJC_ISA_USAGE = YES_ERROR;
				CLANG_WARN_EMPTY_BODY = YES;
				CLANG_WARN_ENUM_CONVERSION = YES;
				CLANG_WARN_INT_CONVERSION = YES;
				CLANG_WARN_OBJC_ROOT_CLASS = YES_ERROR;
				CLANG_WARN_UNREACHABLE_CODE = YES;
				CLANG_WARN__DUPLICATE_METHOD_MATCH = YES;
				"CODE_SIGN_IDENTITY[sdk=iphoneos*]" = "iPhone Developer";
				COPY_PHASE_STRIP = NO;
				DEBUG_INFORMATION_FORMAT = "dwarf-with-dsym";
				ENABLE_STRICT_OBJC_MSGSEND = YES;
				GCC_C_LANGUAGE_STANDARD = gnu99;
				GCC_DYNAMIC_NO_PIC = NO;
				GCC_NO_COMMON_BLOCKS = YES;
				GCC_OPTIMIZATION_LEVEL = 0;
				GCC_PREPROCESSOR_DEFINITIONS = (
					"DEBUG=1",
					"$(inherited)",
				);
				GCC_SYMBOLS_PRIVATE_EXTERN = NO;
				GCC_WARN_64_TO_32_BIT_CONVERSION = YES;
				GCC_WARN_ABOUT_RETURN_TYPE = YES_ERROR;
				GCC_WARN_UNDECLARED_SELECTOR = YES;
				GCC_WARN_UNINITIALIZED_AUTOS = YES_AGGRESSIVE;
				GCC_WARN_UNUSED_FUNCTION = YES;
				GCC_WARN_UNUSED_VARIABLE = YES;
				IPHONEOS_DEPLOYMENT_TARGET = 8.3;
				MTL_ENABLE_DEBUG_INFO = YES;
				ONLY_ACTIVE_ARCH = YES;
				SDKROOT = iphoneos;
				SWIFT_OPTIMIZATION_LEVEL = "-Onone";
			};
			name = Debug;
		};
		D68AD6FF1AED1C6500C44D1D /* Release */ = {
			isa = XCBuildConfiguration;
			buildSettings = {
				ALWAYS_SEARCH_USER_PATHS = NO;
				CLANG_CXX_LANGUAGE_STANDARD = "gnu++0x";
				CLANG_CXX_LIBRARY = "libc++";
				CLANG_ENABLE_MODULES = YES;
				CLANG_ENABLE_OBJC_ARC = YES;
				CLANG_WARN_BOOL_CONVERSION = YES;
				CLANG_WARN_CONSTANT_CONVERSION = YES;
				CLANG_WARN_DIRECT_OBJC_ISA_USAGE = YES_ERROR;
				CLANG_WARN_EMPTY_BODY = YES;
				CLANG_WARN_ENUM_CONVERSION = YES;
				CLANG_WARN_INT_CONVERSION = YES;
				CLANG_WARN_OBJC_ROOT_CLASS = YES_ERROR;
				CLANG_WARN_UNREACHABLE_CODE = YES;
				CLANG_WARN__DUPLICATE_METHOD_MATCH = YES;
				"CODE_SIGN_IDENTITY[sdk=iphoneos*]" = "iPhone Developer";
				COPY_PHASE_STRIP = NO;
				DEBUG_INFORMATION_FORMAT = "dwarf-with-dsym";
				ENABLE_NS_ASSERTIONS = NO;
				ENABLE_STRICT_OBJC_MSGSEND = YES;
				GCC_C_LANGUAGE_STANDARD = gnu99;
				GCC_NO_COMMON_BLOCKS = YES;
				GCC_WARN_64_TO_32_BIT_CONVERSION = YES;
				GCC_WARN_ABOUT_RETURN_TYPE = YES_ERROR;
				GCC_WARN_UNDECLARED_SELECTOR = YES;
				GCC_WARN_UNINITIALIZED_AUTOS = YES_AGGRESSIVE;
				GCC_WARN_UNUSED_FUNCTION = YES;
				GCC_WARN_UNUSED_VARIABLE = YES;
				IPHONEOS_DEPLOYMENT_TARGET = 8.3;
				MTL_ENABLE_DEBUG_INFO = NO;
				SDKROOT = iphoneos;
				VALIDATE_PRODUCT = YES;
			};
			name = Release;
		};
		D68AD7011AED1C6500C44D1D /* Debug */ = {
			isa = XCBuildConfiguration;
			buildSettings = {
				ASSETCATALOG_COMPILER_APPICON_NAME = AppIcon;
				INFOPLIST_FILE = TipCalculator/Info.plist;
				LD_RUNPATH_SEARCH_PATHS = "$(inherited) @executable_path/Frameworks";
				PRODUCT_NAME = "$(TARGET_NAME)";
			};
			name = Debug;
		};
		D68AD7021AED1C6500C44D1D /* Release */ = {
			isa = XCBuildConfiguration;
			buildSettings = {
				ASSETCATALOG_COMPILER_APPICON_NAME = AppIcon;
				INFOPLIST_FILE = TipCalculator/Info.plist;
				LD_RUNPATH_SEARCH_PATHS = "$(inherited) @executable_path/Frameworks";
				PRODUCT_NAME = "$(TARGET_NAME)";
			};
			name = Release;
		};
		D68AD7041AED1C6500C44D1D /* Debug */ = {
			isa = XCBuildConfiguration;
			buildSettings = {
				BUNDLE_LOADER = "$(TEST_HOST)";
				FRAMEWORK_SEARCH_PATHS = (
					"$(SDKROOT)/Developer/Library/Frameworks",
					"$(inherited)",
				);
				GCC_PREPROCESSOR_DEFINITIONS = (
					"DEBUG=1",
					"$(inherited)",
				);
				INFOPLIST_FILE = TipCalculatorTests/Info.plist;
				LD_RUNPATH_SEARCH_PATHS = "$(inherited) @executable_path/Frameworks @loader_path/Frameworks";
				PRODUCT_NAME = "$(TARGET_NAME)";
				TEST_HOST = "$(BUILT_PRODUCTS_DIR)/TipCalculator.app/TipCalculator";
			};
			name = Debug;
		};
		D68AD7051AED1C6500C44D1D /* Release */ = {
			isa = XCBuildConfiguration;
			buildSettings = {
				BUNDLE_LOADER = "$(TEST_HOST)";
				FRAMEWORK_SEARCH_PATHS = (
					"$(SDKROOT)/Developer/Library/Frameworks",
					"$(inherited)",
				);
				INFOPLIST_FILE = TipCalculatorTests/Info.plist;
				LD_RUNPATH_SEARCH_PATHS = "$(inherited) @executable_path/Frameworks @loader_path/Frameworks";
				PRODUCT_NAME = "$(TARGET_NAME)";
				TEST_HOST = "$(BUILT_PRODUCTS_DIR)/TipCalculator.app/TipCalculator";
			};
			name = Release;
		};
/* End XCBuildConfiguration section */

/* Begin XCConfigurationList section */
		D68AD6DC1AED1C6200C44D1D /* Build configuration list for PBXProject "TipCalculator" */ = {
			isa = XCConfigurationList;
			buildConfigurations = (
				D68AD6FE1AED1C6500C44D1D /* Debug */,
				D68AD6FF1AED1C6500C44D1D /* Release */,
			);
			defaultConfigurationIsVisible = 0;
			defaultConfigurationName = Release;
		};
		D68AD7001AED1C6500C44D1D /* Build configuration list for PBXNativeTarget "TipCalculator" */ = {
			isa = XCConfigurationList;
			buildConfigurations = (
				D68AD7011AED1C6500C44D1D /* Debug */,
				D68AD7021AED1C6500C44D1D /* Release */,
			);
			defaultConfigurationIsVisible = 0;
		};
		D68AD7031AED1C6500C44D1D /* Build configuration list for PBXNativeTarget "TipCalculatorTests" */ = {
			isa = XCConfigurationList;
			buildConfigurations = (
				D68AD7041AED1C6500C44D1D /* Debug */,
				D68AD7051AED1C6500C44D1D /* Release */,
			);
			defaultConfigurationIsVisible = 0;
		};
/* End XCConfigurationList section */
	};
	rootObject = D68AD6D91AED1C6100C44D1D /* Project object */;
}
